
Microsoft Visual Studio Solution File, Format Version 12.00
# Visual Studio 15
VisualStudioVersion = 15.0.27130.2020
MinimumVisualStudioVersion = 10.0.40219.1
Project("{FAE04EC0-301F-11D3-BF4B-00C04F79EFBC}") = "edu-restclient", "edu-restclient\edu-restclient.csproj", "{DCFF5009-A2E6-47C0-925E-741CE9B6737F}"
EndProject
Global
	GlobalSection(SolutionConfigurationPlatforms) = preSolution
		Debug|Any CPU = Debug|Any CPU
		Release|Any CPU = Release|Any CPU
	EndGlobalSection
	GlobalSection(ProjectConfigurationPlatforms) = postSolution
		{DCFF5009-A2E6-47C0-925E-741CE9B6737F}.Debug|Any CPU.ActiveCfg = Debug|Any CPU
		{DCFF5009-A2E6-47C0-925E-741CE9B6737F}.Debug|Any CPU.Build.0 = Debug|Any CPU
		{DCFF5009-A2E6-47C0-925E-741CE9B6737F}.Release|Any CPU.ActiveCfg = Release|Any CPU
		{DCFF5009-A2E6-47C0-925E-741CE9B6737F}.Release|Any CPU.Build.0 = Release|Any CPU
	EndGlobalSection
	GlobalSection(SolutionProperties) = preSolution
		HideSolutionNode = FALSE
	EndGlobalSection
	GlobalSection(ExtensibilityGlobals) = postSolution
		SolutionGuid = {58619590-F1CB-41B5-86F0-3D3C427EA011}
	EndGlobalSection
EndGlobal
